
Microsoft Visual Studio Solution File, Format Version 12.00
# Visual Studio Version 17
VisualStudioVersion = 17.3.32901.215
MinimumVisualStudioVersion = 10.0.40219.1
Project("{FAE04EC0-301F-11D3-BF4B-00C04F79EFBC}") = "csharp-oop-shop", "csharp-oop-shop.csproj", "{CC048654-0648-4BCB-BB13-F4424CD38D36}"
EndProject
Global
	GlobalSection(SolutionConfigurationPlatforms) = preSolution
		Debug|Any CPU = Debug|Any CPU
		Release|Any CPU = Release|Any CPU
	EndGlobalSection
	GlobalSection(ProjectConfigurationPlatforms) = postSolution
		{CC048654-0648-4BCB-BB13-F4424CD38D36}.Debug|Any CPU.ActiveCfg = Debug|Any CPU
		{CC048654-0648-4BCB-BB13-F4424CD38D36}.Debug|Any CPU.Build.0 = Debug|Any CPU
		{CC048654-0648-4BCB-BB13-F4424CD38D36}.Release|Any CPU.ActiveCfg = Release|Any CPU
		{CC048654-0648-4BCB-BB13-F4424CD38D36}.Release|Any CPU.Build.0 = Release|Any CPU
	EndGlobalSection
	GlobalSection(SolutionProperties) = preSolution
		HideSolutionNode = FALSE
	EndGlobalSection
	GlobalSection(ExtensibilityGlobals) = postSolution
		SolutionGuid = {94ABBB7E-3BBE-480D-82AE-2D4356AF9F2D}
	EndGlobalSection
EndGlobal
